
Microsoft Visual Studio Solution File, Format Version 12.00
# Visual Studio 15
VisualStudioVersion = 15.0.27130.2020
MinimumVisualStudioVersion = 10.0.40219.1
Project("{FAE04EC0-301F-11D3-BF4B-00C04F79EFBC}") = "FionaWhitfieldArt", "FionaWhitfieldArt\FionaWhitfieldArt.csproj", "{1AA32DBC-6327-45C7-B057-21968E7BDF4C}"
EndProject
Global
	GlobalSection(SolutionConfigurationPlatforms) = preSolution
		Debug|Any CPU = Debug|Any CPU
		Release|Any CPU = Release|Any CPU
	EndGlobalSection
	GlobalSection(ProjectConfigurationPlatforms) = postSolution
		{1AA32DBC-6327-45C7-B057-21968E7BDF4C}.Debug|Any CPU.ActiveCfg = Debug|Any CPU
		{1AA32DBC-6327-45C7-B057-21968E7BDF4C}.Debug|Any CPU.Build.0 = Debug|Any CPU
		{1AA32DBC-6327-45C7-B057-21968E7BDF4C}.Release|Any CPU.ActiveCfg = Release|Any CPU
		{1AA32DBC-6327-45C7-B057-21968E7BDF4C}.Release|Any CPU.Build.0 = Release|Any CPU
	EndGlobalSection
	GlobalSection(SolutionProperties) = preSolution
		HideSolutionNode = FALSE
	EndGlobalSection
	GlobalSection(ExtensibilityGlobals) = postSolution
		SolutionGuid = {25857FF0-0911-4544-B905-0258548C798F}
	EndGlobalSection
EndGlobal
